{
  "name": "pi-toolset",
  "version": "0.2.0",
  "lockfileVersion": 3,
  "requires": true,
  "packages": {
    "": {
      "name": "pi-toolset",
      "version": "0.2.0",
      "bundleDependencies": [
        "@narumitw/pi-goal",
        "pi-posher",
        "pi-subagents"
      ],
      "license": "SEE LICENSE IN THIRD_PARTY_NOTICES.md",
      "dependencies": {
        "@narumitw/pi-goal": "0.49.3",
        "pi-posher": "0.3.2",
        "pi-subagents": "0.40.0"
      },
      "bin": {
        "autofolderrefactor": "skills/engineering/candidates-folder-refactor/scripts/autofolderrefactor",
        "tx": "tmux/tx"
      },
      "engines": {
        "node": ">=22.19.0"
      },
      "peerDependencies": {
        "@earendil-works/pi-agent-core": "*",
        "@earendil-works/pi-ai": "*",
        "@earendil-works/pi-coding-agent": "*",
        "@earendil-works/pi-tui": "*",
        "typebox": "*"
      },
      "peerDependenciesMeta": {
        "@earendil-works/pi-agent-core": {
          "optional": true
        },
        "@earendil-works/pi-ai": {
          "optional": true
        },
        "@earendil-works/pi-coding-agent": {
          "optional": true
        },
        "@earendil-works/pi-tui": {
          "optional": true
        },
        "typebox": {
          "optional": true
        }
      }
    },
    "node_modules/@narumitw/pi-goal": {
      "version": "0.49.3",
      "resolved": "https://registry.npmjs.org/@narumitw/pi-goal/-/pi-goal-0.49.3.tgz",
      "integrity": "sha512-vO5tOK/qxFIvRThR77YXhrrbcYzpeY/0MrFnnz1iH5hDCL8rBVzzwRHKnIexJ0wjlSq4uXPs4BjP2wVYAln2PA==",
      "inBundle": true,
      "license": "MIT",
      "dependencies": {
        "@narumitw/pi-tui-kit": "^0.49.1"
      },
      "peerDependencies": {
        "@earendil-works/pi-ai": "*",
        "@earendil-works/pi-coding-agent": "*",
        "@earendil-works/pi-tui": "*",
        "typebox": "*"
      }
    },
    "node_modules/@narumitw/pi-tui-kit": {
      "version": "0.49.3",
      "resolved": "https://registry.npmjs.org/@narumitw/pi-tui-kit/-/pi-tui-kit-0.49.3.tgz",
      "integrity": "sha512-ha4MybnoJgAiNpW83Ap7EftfOuO8oNf3mIY3baPO0RFrBPyAUuxSlz7hcs9qh+9daDUMxg3sRPsvzYqFsEQKHg==",
      "inBundle": true,
      "license": "MIT",
      "dependencies": {
        "highlight.js": "11.11.1"
      },
      "peerDependencies": {
        "@earendil-works/pi-coding-agent": "*",
        "@earendil-works/pi-tui": "*"
      }
    },
    "node_modules/highlight.js": {
      "version": "11.11.1",
      "resolved": "https://registry.npmjs.org/highlight.js/-/highlight.js-11.11.1.tgz",
      "integrity": "sha512-Xwwo44whKBVCYoliBQwaPvtd/2tYFkRQtXDWj1nackaV2JPXx3L0+Jvd8/qCJ2p+ML0/XVkJ2q+Mr+UVdpJK5w==",
      "inBundle": true,
      "license": "BSD-3-Clause",
      "engines": {
        "node": ">=12.0.0"
      }
    },
    "node_modules/ignore": {
      "version": "7.0.6",
      "resolved": "https://registry.npmjs.org/ignore/-/ignore-7.0.6.tgz",
      "integrity": "sha512-BAg6QkE8W+TuQLrrw0Ugr7HegXduRuuj8/ti2kSOc+jz1dmx8/WNcjr6XGnq5YpDWxFwwaavqD0+jIUOKelTsw==",
      "inBundle": true,
      "license": "MIT",
      "engines": {
        "node": ">= 4"
      }
    },
    "node_modules/jiti": {
      "version": "2.7.0",
      "resolved": "https://registry.npmjs.org/jiti/-/jiti-2.7.0.tgz",
      "integrity": "sha512-AC/7JofJvZGrrneWNaEnJeOLUx+JlGt7tNa0wZiRPT4MY1wmfKjt2+6O2p2uz2+skll8OZZmJMNqeke7kKbNgQ==",
      "inBundle": true,
      "license": "MIT",
      "bin": {
        "jiti": "lib/jiti-cli.mjs"
      }
    },
    "node_modules/pi-posher": {
      "version": "0.3.2",
      "resolved": "https://registry.npmjs.org/pi-posher/-/pi-posher-0.3.2.tgz",
      "integrity": "sha512-TtPrJ0bnZiGiFaTOuxNbarKAAuRwaoOonBYleZsboznrtPu43gWnhyjKXAi3QSL39b+UCyYSMO52pbSK8Rzkig==",
      "inBundle": true,
      "license": "MIT",
      "dependencies": {
        "ignore": "^7.0.5"
      },
      "engines": {
        "node": ">=22.19.0"
      },
      "peerDependencies": {
        "@earendil-works/pi-coding-agent": "*",
        "@earendil-works/pi-tui": "*"
      }
    },
    "node_modules/pi-subagents": {
      "version": "0.40.0",
      "resolved": "https://registry.npmjs.org/pi-subagents/-/pi-subagents-0.40.0.tgz",
      "integrity": "sha512-DdFXqmRMLhCcGs32zN14hm4AztDuhG0b8yka8pzO+5GsYseifJnT/hfcqr/skPhtoDqA1qcQbucj1dciC0OQzg==",
      "inBundle": true,
      "license": "MIT",
      "dependencies": {
        "jiti": "2.7.0",
        "typebox": "1.1.38",
        "yaml": "2.8.3"
      },
      "bin": {
        "pi-subagents": "install.mjs"
      },
      "peerDependencies": {
        "@earendil-works/pi-agent-core": "*",
        "@earendil-works/pi-ai": ">=0.80.0",
        "@earendil-works/pi-coding-agent": "*",
        "@earendil-works/pi-tui": "*"
      },
      "peerDependenciesMeta": {
        "@earendil-works/pi-agent-core": {
          "optional": true
        },
        "@earendil-works/pi-ai": {
          "optional": true
        },
        "@earendil-works/pi-coding-agent": {
          "optional": true
        },
        "@earendil-works/pi-tui": {
          "optional": true
        }
      }
    },
    "node_modules/typebox": {
      "version": "1.1.38",
      "resolved": "https://registry.npmjs.org/typebox/-/typebox-1.1.38.tgz",
      "integrity": "sha512-pZ0aQPmMmXoUvSbeuWf/Hzsc+avNw/Zd6VeE8CFgkVGWyuHPJvqeJJDeJqLve+K70LvjYIoleGcoJHPT17cWoA==",
      "inBundle": true,
      "license": "MIT"
    },
    "node_modules/yaml": {
      "version": "2.8.3",
      "resolved": "https://registry.npmjs.org/yaml/-/yaml-2.8.3.tgz",
      "integrity": "sha512-AvbaCLOO2Otw/lW5bmh9d/WEdcDFdQp2Z2ZUH3pX9U2ihyUY0nvLv7J6TrWowklRGPYbB/IuIMfYgxaCPg5Bpg==",
      "inBundle": true,
      "license": "ISC",
      "bin": {
        "yaml": "bin.mjs"
      },
      "engines": {
        "node": ">= 14.6"
      },
      "funding": {
        "url": "https://github.com/sponsors/eemeli"
      }
    }
  }
}
